
Microsoft Visual Studio Solution File, Format Version 12.00
# Visual Studio Version 16
VisualStudioVersion = 16.0.31112.23
MinimumVisualStudioVersion = 10.0.40219.1
Project("{8BC9CEB8-8B4A-11D0-8D11-00A0C91BC942}") = "Tablice wskaźników i obiekty", "Tablice wskaźników i obiekty.vcxproj", "{5AF1E354-BBD4-4260-9397-39835087B3AD}"
EndProject
Global
	GlobalSection(SolutionConfigurationPlatforms) = preSolution
		Debug|x64 = Debug|x64
		Debug|x86 = Debug|x86
		Release|x64 = Release|x64
		Release|x86 = Release|x86
	EndGlobalSection
	GlobalSection(ProjectConfigurationPlatforms) = postSolution
		{5AF1E354-BBD4-4260-9397-39835087B3AD}.Debug|x64.ActiveCfg = Debug|x64
		{5AF1E354-BBD4-4260-9397-39835087B3AD}.Debug|x64.Build.0 = Debug|x64
		{5AF1E354-BBD4-4260-9397-39835087B3AD}.Debug|x86.ActiveCfg = Debug|Win32
		{5AF1E354-BBD4-4260-9397-39835087B3AD}.Debug|x86.Build.0 = Debug|Win32
		{5AF1E354-BBD4-4260-9397-39835087B3AD}.Release|x64.ActiveCfg = Release|x64
		{5AF1E354-BBD4-4260-9397-39835087B3AD}.Release|x64.Build.0 = Release|x64
		{5AF1E354-BBD4-4260-9397-39835087B3AD}.Release|x86.ActiveCfg = Release|Win32
		{5AF1E354-BBD4-4260-9397-39835087B3AD}.Release|x86.Build.0 = Release|Win32
	EndGlobalSection
	GlobalSection(SolutionProperties) = preSolution
		HideSolutionNode = FALSE
	EndGlobalSection
	GlobalSection(ExtensibilityGlobals) = postSolution
		SolutionGuid = {49A273A9-76D5-4167-A699-C08F67299504}
	EndGlobalSection
EndGlobal
